
Microsoft Visual Studio Solution File, Format Version 12.00
# Visual Studio Version 17
VisualStudioVersion = 17.12.35514.174
MinimumVisualStudioVersion = 10.0.40219.1
Project("{2150E333-8FDC-42A3-9474-1A3956D46DE8}") = "Task0", "Task0", "{B70C99F9-1DB3-4323-97B2-76CCCC6D6F92}"
EndProject
Project("{FAE04EC0-301F-11D3-BF4B-00C04F79EFBC}") = "Tyuiu.ShabalinaYP.Sprint6.Task0.V28.Lib", "Tyuiu.ShabalinaYP.Sprint6.Task0.V28.Lib\Tyuiu.ShabalinaYP.Sprint6.Task0.V28.Lib.csproj", "{81536C70-CF92-44B9-B120-88F6938CB8D3}"
EndProject
Project("{FAE04EC0-301F-11D3-BF4B-00C04F79EFBC}") = "Tyuiu.ShabalinaYP.Sprint6.Task0.V28.Test", "Tyuiu.ShabalinaYP.Sprint6.Task0.V28.Test\Tyuiu.ShabalinaYP.Sprint6.Task0.V28.Test.csproj", "{77AC2CD4-9422-4166-8D56-C872E959496E}"
EndProject
Project("{FAE04EC0-301F-11D3-BF4B-00C04F79EFBC}") = "Tyuiu.ShabalinaYP.Sprint6.Task0.V28", "Tyuiu.ShabalinaYP.Sprint6.Task0.V28\Tyuiu.ShabalinaYP.Sprint6.Task0.V28.csproj", "{5FBD05CA-5ABC-4EE3-92FF-63F7F0B4EE14}"
EndProject
Project("{2150E333-8FDC-42A3-9474-1A3956D46DE8}") = "Task1", "Task1", "{CE414A9C-0DF5-4D11-BD48-047C8F645A85}"
EndProject
Project("{FAE04EC0-301F-11D3-BF4B-00C04F79EFBC}") = "Tyuiu.ShabalinaYP.Sprint6.Task1.V25.Lib", "Tyuiu.ShabalinaYP.Sprint6.Task1.V25.Lib\Tyuiu.ShabalinaYP.Sprint6.Task1.V25.Lib.csproj", "{62D1A9AB-3187-48B5-8C8C-8AB12DE604B4}"
EndProject
Project("{FAE04EC0-301F-11D3-BF4B-00C04F79EFBC}") = "Tyuiu.ShabalinaYP.Sprint6.Task1.V25.Test", "Tyuiu.ShabalinaYP.Sprint6.Task1.V25.Test\Tyuiu.ShabalinaYP.Sprint6.Task1.V25.Test.csproj", "{0320ACDC-EFDA-4D2D-8B7E-048FDA54D254}"
EndProject
Project("{FAE04EC0-301F-11D3-BF4B-00C04F79EFBC}") = "Tyuiu.ShabalinaYP.Sprint6.Task1.V25", "Tyuiu.ShabalinaYP.Sprint6.Task1.V25\Tyuiu.ShabalinaYP.Sprint6.Task1.V25.csproj", "{AB639FB8-F8A1-4D11-90EE-E29ADF4237EE}"
EndProject
Project("{2150E333-8FDC-42A3-9474-1A3956D46DE8}") = "Task2", "Task2", "{0A3D73E4-5242-4C3C-BCE3-AB040B1BD091}"
EndProject
Project("{FAE04EC0-301F-11D3-BF4B-00C04F79EFBC}") = "Tyuiu.ShabalinaYP.Sprint6.Task2.V17.Lib", "Tyuiu.ShabalinaYP.Sprint6.Task2.V17.Lib\Tyuiu.ShabalinaYP.Sprint6.Task2.V17.Lib.csproj", "{B9F464CC-235A-4FD3-9E7C-F9F66F7125E5}"
EndProject
Project("{FAE04EC0-301F-11D3-BF4B-00C04F79EFBC}") = "Tyuiu.ShabalinaYP.Sprint6.Task2.V17.Test", "Tyuiu.ShabalinaYP.Sprint6.Task2.V17.Test\Tyuiu.ShabalinaYP.Sprint6.Task2.V17.Test.csproj", "{E20AE621-1DE2-4838-90D0-A3E8A916D33E}"
EndProject
Project("{FAE04EC0-301F-11D3-BF4B-00C04F79EFBC}") = "Tyuiu.ShabalinaYP.Sprint6.Task2.V17", "Tyuiu.ShabalinaYP.Sprint6.Task2.V17\Tyuiu.ShabalinaYP.Sprint6.Task2.V17.csproj", "{8F3B5199-34BC-4FF6-BED0-D188CABFACB4}"
EndProject
Project("{2150E333-8FDC-42A3-9474-1A3956D46DE8}") = "Task3", "Task3", "{8DB0CC0B-2302-449D-ACDB-6E106F775DF5}"
EndProject
Project("{FAE04EC0-301F-11D3-BF4B-00C04F79EFBC}") = "Tyuiu.ShabalinaYP.Sprint6.Task3.V26.Lib", "Tyuiu.ShabalinaYP.Sprint6.Task3.V26.Lib\Tyuiu.ShabalinaYP.Sprint6.Task3.V26.Lib.csproj", "{5157FE3D-9F04-4EF2-97A6-F68DF0C5A906}"
EndProject
Project("{FAE04EC0-301F-11D3-BF4B-00C04F79EFBC}") = "Tyuiu.ShabalinaYP.Sprint6.Task3.V26.Test", "Tyuiu.ShabalinaYP.Sprint6.Task3.V26.Test\Tyuiu.ShabalinaYP.Sprint6.Task3.V26.Test.csproj", "{96D53C37-92FA-4626-A472-FA47E833D1C5}"
EndProject
Project("{FAE04EC0-301F-11D3-BF4B-00C04F79EFBC}") = "Tyuiu.ShabalinaYP.Sprint6.Task3.V26", "Tyuiu.ShabalinaYP.Sprint6.Task3.V26\Tyuiu.ShabalinaYP.Sprint6.Task3.V26.csproj", "{7ED63934-0922-4618-BBFF-98CF25EFFA05}"
EndProject
Project("{2150E333-8FDC-42A3-9474-1A3956D46DE8}") = "Task4", "Task4", "{5D0725B9-0F3F-44A2-8897-C7F45FBC6664}"
EndProject
Project("{FAE04EC0-301F-11D3-BF4B-00C04F79EFBC}") = "Tyuiu.ShabalinaYP.Sprint6.Task4.V1.Lib", "Tyuiu.ShabalinaYP.Sprint6.Task4.V1.Lib\Tyuiu.ShabalinaYP.Sprint6.Task4.V1.Lib.csproj", "{E785649B-609A-46AA-A2D2-87AD0D8C20D0}"
EndProject
Project("{FAE04EC0-301F-11D3-BF4B-00C04F79EFBC}") = "Tyuiu.ShabalinaYP.Sprint6.Task4.V1.Test", "Tyuiu.ShabalinaYP.Sprint6.Task4.V1.Test\Tyuiu.ShabalinaYP.Sprint6.Task4.V1.Test.csproj", "{BB76E3BC-0F35-4D02-92AD-49D1427245DD}"
EndProject
Project("{FAE04EC0-301F-11D3-BF4B-00C04F79EFBC}") = "Tyuiu.ShabalinaYP.Sprint6.Task4.V1", "Tyuiu.ShabalinaYP.Sprint6.Task4.V1\Tyuiu.ShabalinaYP.Sprint6.Task4.V1.csproj", "{B0617BD3-E209-417C-AF10-F4F29FBE094E}"
EndProject
Project("{2150E333-8FDC-42A3-9474-1A3956D46DE8}") = "Task5", "Task5", "{BD22F21E-A40A-45E4-93BB-75BDFD2D68DC}"
EndProject
Project("{FAE04EC0-301F-11D3-BF4B-00C04F79EFBC}") = "Tyuiu.ShabalinaYP.Sprint6.Task5.V29", "Tyuiu.ShabalinaYP.Sprint6.Task5.V29\Tyuiu.ShabalinaYP.Sprint6.Task5.V29.csproj", "{8A6E869D-A9A6-496F-B3EF-5D0BA52EF51C}"
EndProject
Project("{FAE04EC0-301F-11D3-BF4B-00C04F79EFBC}") = "Tyuiu.ShabalinaYP.Sprint6.Task5.V29.Lib", "Tyuiu.ShabalinaYP.Sprint6.Task5.V29.Lib\Tyuiu.ShabalinaYP.Sprint6.Task5.V29.Lib.csproj", "{D3A779F9-FE5A-4AFC-A273-5322F8E1E107}"
EndProject
Project("{FAE04EC0-301F-11D3-BF4B-00C04F79EFBC}") = "Tyuiu.ShabalinaYP.Sprint6.Task5.V29.Test", "Tyuiu.ShabalinaYP.Sprint6.Task5.V29.Test\Tyuiu.ShabalinaYP.Sprint6.Task5.V29.Test.csproj", "{96A6FCF7-8E67-46DB-904F-7DB04CE30637}"
EndProject
Global
	GlobalSection(SolutionConfigurationPlatforms) = preSolution
		Debug|Any CPU = Debug|Any CPU
		Release|Any CPU = Release|Any CPU
	EndGlobalSection
	GlobalSection(ProjectConfigurationPlatforms) = postSolution
		{81536C70-CF92-44B9-B120-88F6938CB8D3}.Debug|Any CPU.ActiveCfg = Debug|Any CPU
		{81536C70-CF92-44B9-B120-88F6938CB8D3}.Debug|Any CPU.Build.0 = Debug|Any CPU
		{81536C70-CF92-44B9-B120-88F6938CB8D3}.Release|Any CPU.ActiveCfg = Release|Any CPU
		{81536C70-CF92-44B9-B120-88F6938CB8D3}.Release|Any CPU.Build.0 = Release|Any CPU
		{77AC2CD4-9422-4166-8D56-C872E959496E}.Debug|Any CPU.ActiveCfg = Debug|Any CPU
		{77AC2CD4-9422-4166-8D56-C872E959496E}.Debug|Any CPU.Build.0 = Debug|Any CPU
		{77AC2CD4-9422-4166-8D56-C872E959496E}.Release|Any CPU.ActiveCfg = Release|Any CPU
		{77AC2CD4-9422-4166-8D56-C872E959496E}.Release|Any CPU.Build.0 = Release|Any CPU
		{5FBD05CA-5ABC-4EE3-92FF-63F7F0B4EE14}.Debug|Any CPU.ActiveCfg = Debug|Any CPU
		{5FBD05CA-5ABC-4EE3-92FF-63F7F0B4EE14}.Debug|Any CPU.Build.0 = Debug|Any CPU
		{5FBD05CA-5ABC-4EE3-92FF-63F7F0B4EE14}.Release|Any CPU.ActiveCfg = Release|Any CPU
		{5FBD05CA-5ABC-4EE3-92FF-63F7F0B4EE14}.Release|Any CPU.Build.0 = Release|Any CPU
		{62D1A9AB-3187-48B5-8C8C-8AB12DE604B4}.Debug|Any CPU.ActiveCfg = Debug|Any CPU
		{62D1A9AB-3187-48B5-8C8C-8AB12DE604B4}.Debug|Any CPU.Build.0 = Debug|Any CPU
		{62D1A9AB-3187-48B5-8C8C-8AB12DE604B4}.Release|Any CPU.ActiveCfg = Release|Any CPU
		{62D1A9AB-3187-48B5-8C8C-8AB12DE604B4}.Release|Any CPU.Build.0 = Release|Any CPU
		{0320ACDC-EFDA-4D2D-8B7E-048FDA54D254}.Debug|Any CPU.ActiveCfg = Debug|Any CPU
		{0320ACDC-EFDA-4D2D-8B7E-048FDA54D254}.Debug|Any CPU.Build.0 = Debug|Any CPU
		{0320ACDC-EFDA-4D2D-8B7E-048FDA54D254}.Release|Any CPU.ActiveCfg = Release|Any CPU
		{0320ACDC-EFDA-4D2D-8B7E-048FDA54D254}.Release|Any CPU.Build.0 = Release|Any CPU
		{AB639FB8-F8A1-4D11-90EE-E29ADF4237EE}.Debug|Any CPU.ActiveCfg = Debug|Any CPU
		{AB639FB8-F8A1-4D11-90EE-E29ADF4237EE}.Debug|Any CPU.Build.0 = Debug|Any CPU
		{AB639FB8-F8A1-4D11-90EE-E29ADF4237EE}.Release|Any CPU.ActiveCfg = Release|Any CPU
		{AB639FB8-F8A1-4D11-90EE-E29ADF4237EE}.Release|Any CPU.Build.0 = Release|Any CPU
		{B9F464CC-235A-4FD3-9E7C-F9F66F7125E5}.Debug|Any CPU.ActiveCfg = Debug|Any CPU
		{B9F464CC-235A-4FD3-9E7C-F9F66F7125E5}.Debug|Any CPU.Build.0 = Debug|Any CPU
		{B9F464CC-235A-4FD3-9E7C-F9F66F7125E5}.Release|Any CPU.ActiveCfg = Release|Any CPU
		{B9F464CC-235A-4FD3-9E7C-F9F66F7125E5}.Release|Any CPU.Build.0 = Release|Any CPU
		{E20AE621-1DE2-4838-90D0-A3E8A916D33E}.Debug|Any CPU.ActiveCfg = Debug|Any CPU
		{E20AE621-1DE2-4838-90D0-A3E8A916D33E}.Debug|Any CPU.Build.0 = Debug|Any CPU
		{E20AE621-1DE2-4838-90D0-A3E8A916D33E}.Release|Any CPU.ActiveCfg = Release|Any CPU
		{E20AE621-1DE2-4838-90D0-A3E8A916D33E}.Release|Any CPU.Build.0 = Release|Any CPU
		{8F3B5199-34BC-4FF6-BED0-D188CABFACB4}.Debug|Any CPU.ActiveCfg = Debug|Any CPU
		{8F3B5199-34BC-4FF6-BED0-D188CABFACB4}.Debug|Any CPU.Build.0 = Debug|Any CPU
		{8F3B5199-34BC-4FF6-BED0-D188CABFACB4}.Release|Any CPU.ActiveCfg = Release|Any CPU
		{8F3B5199-34BC-4FF6-BED0-D188CABFACB4}.Release|Any CPU.Build.0 = Release|Any CPU
		{5157FE3D-9F04-4EF2-97A6-F68DF0C5A906}.Debug|Any CPU.ActiveCfg = Debug|Any CPU
		{5157FE3D-9F04-4EF2-97A6-F68DF0C5A906}.Debug|Any CPU.Build.0 = Debug|Any CPU
		{5157FE3D-9F04-4EF2-97A6-F68DF0C5A906}.Release|Any CPU.ActiveCfg = Release|Any CPU
		{5157FE3D-9F04-4EF2-97A6-F68DF0C5A906}.Release|Any CPU.Build.0 = Release|Any CPU
		{96D53C37-92FA-4626-A472-FA47E833D1C5}.Debug|Any CPU.ActiveCfg = Debug|Any CPU
		{96D53C37-92FA-4626-A472-FA47E833D1C5}.Debug|Any CPU.Build.0 = Debug|Any CPU
		{96D53C37-92FA-4626-A472-FA47E833D1C5}.Release|Any CPU.ActiveCfg = Release|Any CPU
		{96D53C37-92FA-4626-A472-FA47E833D1C5}.Release|Any CPU.Build.0 = Release|Any CPU
		{7ED63934-0922-4618-BBFF-98CF25EFFA05}.Debug|Any CPU.ActiveCfg = Debug|Any CPU
		{7ED63934-0922-4618-BBFF-98CF25EFFA05}.Debug|Any CPU.Build.0 = Debug|Any CPU
		{7ED63934-0922-4618-BBFF-98CF25EFFA05}.Release|Any CPU.ActiveCfg = Release|Any CPU
		{7ED63934-0922-4618-BBFF-98CF25EFFA05}.Release|Any CPU.Build.0 = Release|Any CPU
		{E785649B-609A-46AA-A2D2-87AD0D8C20D0}.Debug|Any CPU.ActiveCfg = Debug|Any CPU
		{E785649B-609A-46AA-A2D2-87AD0D8C20D0}.Debug|Any CPU.Build.0 = Debug|Any CPU
		{E785649B-609A-46AA-A2D2-87AD0D8C20D0}.Release|Any CPU.ActiveCfg = Release|Any CPU
		{E785649B-609A-46AA-A2D2-87AD0D8C20D0}.Release|Any CPU.Build.0 = Release|Any CPU
		{BB76E3BC-0F35-4D02-92AD-49D1427245DD}.Debug|Any CPU.ActiveCfg = Debug|Any CPU
		{BB76E3BC-0F35-4D02-92AD-49D1427245DD}.Debug|Any CPU.Build.0 = Debug|Any CPU
		{BB76E3BC-0F35-4D02-92AD-49D1427245DD}.Release|Any CPU.ActiveCfg = Release|Any CPU
		{BB76E3BC-0F35-4D02-92AD-49D1427245DD}.Release|Any CPU.Build.0 = Release|Any CPU
		{B0617BD3-E209-417C-AF10-F4F29FBE094E}.Debug|Any CPU.ActiveCfg = Debug|Any CPU
		{B0617BD3-E209-417C-AF10-F4F29FBE094E}.Debug|Any CPU.Build.0 = Debug|Any CPU
		{B0617BD3-E209-417C-AF10-F4F29FBE094E}.Release|Any CPU.ActiveCfg = Release|Any CPU
		{B0617BD3-E209-417C-AF10-F4F29FBE094E}.Release|Any CPU.Build.0 = Release|Any CPU
		{8A6E869D-A9A6-496F-B3EF-5D0BA52EF51C}.Debug|Any CPU.ActiveCfg = Debug|Any CPU
		{8A6E869D-A9A6-496F-B3EF-5D0BA52EF51C}.Debug|Any CPU.Build.0 = Debug|Any CPU
		{8A6E869D-A9A6-496F-B3EF-5D0BA52EF51C}.Release|Any CPU.ActiveCfg = Release|Any CPU
		{8A6E869D-A9A6-496F-B3EF-5D0BA52EF51C}.Release|Any CPU.Build.0 = Release|Any CPU
		{D3A779F9-FE5A-4AFC-A273-5322F8E1E107}.Debug|Any CPU.ActiveCfg = Debug|Any CPU
		{D3A779F9-FE5A-4AFC-A273-5322F8E1E107}.Debug|Any CPU.Build.0 = Debug|Any CPU
		{D3A779F9-FE5A-4AFC-A273-5322F8E1E107}.Release|Any CPU.ActiveCfg = Release|Any CPU
		{D3A779F9-FE5A-4AFC-A273-5322F8E1E107}.Release|Any CPU.Build.0 = Release|Any CPU
		{96A6FCF7-8E67-46DB-904F-7DB04CE30637}.Debug|Any CPU.ActiveCfg = Debug|Any CPU
		{96A6FCF7-8E67-46DB-904F-7DB04CE30637}.Debug|Any CPU.Build.0 = Debug|Any CPU
		{96A6FCF7-8E67-46DB-904F-7DB04CE30637}.Release|Any CPU.ActiveCfg = Release|Any CPU
		{96A6FCF7-8E67-46DB-904F-7DB04CE30637}.Release|Any CPU.Build.0 = Release|Any CPU
	EndGlobalSection
	GlobalSection(SolutionProperties) = preSolution
		HideSolutionNode = FALSE
	EndGlobalSection
	GlobalSection(NestedProjects) = preSolution
		{81536C70-CF92-44B9-B120-88F6938CB8D3} = {B70C99F9-1DB3-4323-97B2-76CCCC6D6F92}
		{77AC2CD4-9422-4166-8D56-C872E959496E} = {B70C99F9-1DB3-4323-97B2-76CCCC6D6F92}
		{5FBD05CA-5ABC-4EE3-92FF-63F7F0B4EE14} = {B70C99F9-1DB3-4323-97B2-76CCCC6D6F92}
		{62D1A9AB-3187-48B5-8C8C-8AB12DE604B4} = {CE414A9C-0DF5-4D11-BD48-047C8F645A85}
		{0320ACDC-EFDA-4D2D-8B7E-048FDA54D254} = {CE414A9C-0DF5-4D11-BD48-047C8F645A85}
		{AB639FB8-F8A1-4D11-90EE-E29ADF4237EE} = {CE414A9C-0DF5-4D11-BD48-047C8F645A85}
		{B9F464CC-235A-4FD3-9E7C-F9F66F7125E5} = {0A3D73E4-5242-4C3C-BCE3-AB040B1BD091}
		{E20AE621-1DE2-4838-90D0-A3E8A916D33E} = {0A3D73E4-5242-4C3C-BCE3-AB040B1BD091}
		{8F3B5199-34BC-4FF6-BED0-D188CABFACB4} = {0A3D73E4-5242-4C3C-BCE3-AB040B1BD091}
		{5157FE3D-9F04-4EF2-97A6-F68DF0C5A906} = {8DB0CC0B-2302-449D-ACDB-6E106F775DF5}
		{96D53C37-92FA-4626-A472-FA47E833D1C5} = {8DB0CC0B-2302-449D-ACDB-6E106F775DF5}
		{7ED63934-0922-4618-BBFF-98CF25EFFA05} = {8DB0CC0B-2302-449D-ACDB-6E106F775DF5}
		{E785649B-609A-46AA-A2D2-87AD0D8C20D0} = {5D0725B9-0F3F-44A2-8897-C7F45FBC6664}
		{BB76E3BC-0F35-4D02-92AD-49D1427245DD} = {5D0725B9-0F3F-44A2-8897-C7F45FBC6664}
		{B0617BD3-E209-417C-AF10-F4F29FBE094E} = {5D0725B9-0F3F-44A2-8897-C7F45FBC6664}
		{8A6E869D-A9A6-496F-B3EF-5D0BA52EF51C} = {BD22F21E-A40A-45E4-93BB-75BDFD2D68DC}
		{D3A779F9-FE5A-4AFC-A273-5322F8E1E107} = {BD22F21E-A40A-45E4-93BB-75BDFD2D68DC}
		{96A6FCF7-8E67-46DB-904F-7DB04CE30637} = {BD22F21E-A40A-45E4-93BB-75BDFD2D68DC}
	EndGlobalSection
EndGlobal
